
Microsoft Visual Studio Solution File, Format Version 12.00
# Visual Studio Version 16
VisualStudioVersion = 16.0.31424.327
MinimumVisualStudioVersion = 10.0.40219.1
Project("{FAE04EC0-301F-11D3-BF4B-00C04F79EFBC}") = "MVC_CRUDPractice", "MVC_CRUDPractice\MVC_CRUDPractice.csproj", "{FED94524-EB5B-4F8D-BFED-DDC2A40D8B81}"
EndProject
Global
	GlobalSection(SolutionConfigurationPlatforms) = preSolution
		Debug|Any CPU = Debug|Any CPU
		Release|Any CPU = Release|Any CPU
	EndGlobalSection
	GlobalSection(ProjectConfigurationPlatforms) = postSolution
		{FED94524-EB5B-4F8D-BFED-DDC2A40D8B81}.Debug|Any CPU.ActiveCfg = Debug|Any CPU
		{FED94524-EB5B-4F8D-BFED-DDC2A40D8B81}.Debug|Any CPU.Build.0 = Debug|Any CPU
		{FED94524-EB5B-4F8D-BFED-DDC2A40D8B81}.Release|Any CPU.ActiveCfg = Release|Any CPU
		{FED94524-EB5B-4F8D-BFED-DDC2A40D8B81}.Release|Any CPU.Build.0 = Release|Any CPU
	EndGlobalSection
	GlobalSection(SolutionProperties) = preSolution
		HideSolutionNode = FALSE
	EndGlobalSection
	GlobalSection(ExtensibilityGlobals) = postSolution
		SolutionGuid = {87138134-A1E3-4574-9237-EB2EA6F79174}
	EndGlobalSection
EndGlobal
